{
  "name": "ocelot-voice-framework",
  "version": "1.0.0",
  "lockfileVersion": 1,
  "requires": true,
  "dependencies": {
    "robot3": {
      "version": "0.2.21",
      "resolved": "https://registry.npmjs.org/robot3/-/robot3-0.2.21.tgz",
      "integrity": "sha512-nfUKTrBunRORgP42ovwwJ0MFkkN4V4Cw53zGJvihhWRCm9c5HzgBNh3qZz0UDVBd9WrOj4mEbovkqMkoOwtv1Q=="
    }
  }
}
